
Microsoft Visual Studio Solution File, Format Version 12.00
# Visual Studio 2012
Project("{FAE04EC0-301F-11D3-BF4B-00C04F79EFBC}") = "ICT13580570B", "ICT13580570B\ICT13580570B.csproj", "{0FA09AE1-DEDE-49F7-9037-F191FFF60C9F}"
EndProject
Project("{FAE04EC0-301F-11D3-BF4B-00C04F79EFBC}") = "ICT13580570B.iOS", "iOS\ICT13580570B.iOS.csproj", "{0FAFD929-7FF7-4E9C-B56E-6B1241685C49}"
EndProject
Global
	GlobalSection(SolutionConfigurationPlatforms) = preSolution
		Debug|Any CPU = Debug|Any CPU
		Release|Any CPU = Release|Any CPU
		Debug|iPhoneSimulator = Debug|iPhoneSimulator
		Release|iPhone = Release|iPhone
		Release|iPhoneSimulator = Release|iPhoneSimulator
		Debug|iPhone = Debug|iPhone
	EndGlobalSection
	GlobalSection(ProjectConfigurationPlatforms) = postSolution
		{0FA09AE1-DEDE-49F7-9037-F191FFF60C9F}.Debug|Any CPU.ActiveCfg = Debug|Any CPU
		{0FA09AE1-DEDE-49F7-9037-F191FFF60C9F}.Debug|Any CPU.Build.0 = Debug|Any CPU
		{0FA09AE1-DEDE-49F7-9037-F191FFF60C9F}.Release|Any CPU.ActiveCfg = Release|Any CPU
		{0FA09AE1-DEDE-49F7-9037-F191FFF60C9F}.Release|Any CPU.Build.0 = Release|Any CPU
		{0FA09AE1-DEDE-49F7-9037-F191FFF60C9F}.Debug|iPhoneSimulator.ActiveCfg = Debug|Any CPU
		{0FA09AE1-DEDE-49F7-9037-F191FFF60C9F}.Debug|iPhoneSimulator.Build.0 = Debug|Any CPU
		{0FA09AE1-DEDE-49F7-9037-F191FFF60C9F}.Release|iPhone.ActiveCfg = Release|Any CPU
		{0FA09AE1-DEDE-49F7-9037-F191FFF60C9F}.Release|iPhone.Build.0 = Release|Any CPU
		{0FA09AE1-DEDE-49F7-9037-F191FFF60C9F}.Release|iPhoneSimulator.ActiveCfg = Release|Any CPU
		{0FA09AE1-DEDE-49F7-9037-F191FFF60C9F}.Release|iPhoneSimulator.Build.0 = Release|Any CPU
		{0FA09AE1-DEDE-49F7-9037-F191FFF60C9F}.Debug|iPhone.ActiveCfg = Debug|Any CPU
		{0FA09AE1-DEDE-49F7-9037-F191FFF60C9F}.Debug|iPhone.Build.0 = Debug|Any CPU
		{0FAFD929-7FF7-4E9C-B56E-6B1241685C49}.Debug|Any CPU.ActiveCfg = Debug|iPhoneSimulator
		{0FAFD929-7FF7-4E9C-B56E-6B1241685C49}.Debug|Any CPU.Build.0 = Debug|iPhoneSimulator
		{0FAFD929-7FF7-4E9C-B56E-6B1241685C49}.Release|Any CPU.ActiveCfg = Release|iPhone
		{0FAFD929-7FF7-4E9C-B56E-6B1241685C49}.Release|Any CPU.Build.0 = Release|iPhone
		{0FAFD929-7FF7-4E9C-B56E-6B1241685C49}.Debug|iPhoneSimulator.ActiveCfg = Debug|iPhoneSimulator
		{0FAFD929-7FF7-4E9C-B56E-6B1241685C49}.Debug|iPhoneSimulator.Build.0 = Debug|iPhoneSimulator
		{0FAFD929-7FF7-4E9C-B56E-6B1241685C49}.Release|iPhone.ActiveCfg = Release|iPhone
		{0FAFD929-7FF7-4E9C-B56E-6B1241685C49}.Release|iPhone.Build.0 = Release|iPhone
		{0FAFD929-7FF7-4E9C-B56E-6B1241685C49}.Release|iPhoneSimulator.ActiveCfg = Release|iPhoneSimulator
		{0FAFD929-7FF7-4E9C-B56E-6B1241685C49}.Release|iPhoneSimulator.Build.0 = Release|iPhoneSimulator
		{0FAFD929-7FF7-4E9C-B56E-6B1241685C49}.Debug|iPhone.ActiveCfg = Debug|iPhone
		{0FAFD929-7FF7-4E9C-B56E-6B1241685C49}.Debug|iPhone.Build.0 = Debug|iPhone
	EndGlobalSection
EndGlobal
